// !$*UTF8*$!
{
	archiveVersion = 1;
	classes = {
	};
	objectVersion = 77;
	objects = {

/* Begin PBXBuildFile section */
		0874FF88A2327075FD12691C /* InboxView.swift in Sources */ = {isa = PBXBuildFile; fileRef = DFD5D669F24F31D59B0948C6 /* InboxView.swift */; };
		1CFD7C6D3F188B89A7B67056 /* SpriteKit.framework in Frameworks */ = {isa = PBXBuildFile; fileRef = 16B58E6E5FCEE877724D55A1 /* SpriteKit.framework */; };
		378E39556032934CC168B4BC /* WatchScreenshotTests.swift in Sources */ = {isa = PBXBuildFile; fileRef = 8F24235EC532D8C0AE9DA1FA /* WatchScreenshotTests.swift */; };
		49467B4F385A2CF06C3BE27C /* CritterStore.swift in Sources */ = {isa = PBXBuildFile; fileRef = F6EA62C5D5D248CC2826B7D9 /* CritterStore.swift */; };
		7EF5A83CA1B1C8C7E22B61A8 /* Assets.xcassets in Resources */ = {isa = PBXBuildFile; fileRef = 9F73700630DFA04FD3059002 /* Assets.xcassets */; };
		7FC2825D8370C68F18BA9FA1 /* InboxCrittersWatchApp.swift in Sources */ = {isa = PBXBuildFile; fileRef = CDD9A77CA46E85B266A676A3 /* InboxCrittersWatchApp.swift */; };
		892324BBC93267BB723BE6FB /* ContentView.swift in Sources */ = {isa = PBXBuildFile; fileRef = E854A59D3480187EB65F5074 /* ContentView.swift */; };
		8DD1FB99382C73E68B99E809 /* ScreenshotTests.swift in Sources */ = {isa = PBXBuildFile; fileRef = 0DDA1183D3D32B1007531479 /* ScreenshotTests.swift */; };
		9B0B138554BC24026E3FD136 /* Assets.xcassets in Resources */ = {isa = PBXBuildFile; fileRef = D30315565B546DBE553BC1B4 /* Assets.xcassets */; };
		A4F9C61FB4160191D2F5086A /* InboxCrittersTests.swift in Sources */ = {isa = PBXBuildFile; fileRef = BC30C766C71D60A0C79D3BA1 /* InboxCrittersTests.swift */; };
		AA5A42E1A6EE5494FD266605 /* ContentView.swift in Sources */ = {isa = PBXBuildFile; fileRef = 81B7AD268556C4B1191469A2 /* ContentView.swift */; };
		C432ACEBB5CC82C04485850B /* BrainDumpScene.swift in Sources */ = {isa = PBXBuildFile; fileRef = 2A18D7322498BC0536BB2D94 /* BrainDumpScene.swift */; };
		C8580E5C39F9EE4D714506EC /* GameNodes.swift in Sources */ = {isa = PBXBuildFile; fileRef = D4DA2045C33E308D315ACF68 /* GameNodes.swift */; };
		C9E0EF7FAC755E68272C6255 /* Models.swift in Sources */ = {isa = PBXBuildFile; fileRef = 38F07F70B27B9EC4E6EB2D9C /* Models.swift */; };
		D5CF19BB70E03EC91CE2D9ED /* InboxCrittersApp.swift in Sources */ = {isa = PBXBuildFile; fileRef = B6F3F53F68365A556916EB37 /* InboxCrittersApp.swift */; };
/* End PBXBuildFile section */

/* Begin PBXContainerItemProxy section */
		2DC9ED3C56EB274BE44FCE9C /* PBXContainerItemProxy */ = {
			isa = PBXContainerItemProxy;
			containerPortal = 4532D1351CC01B2F2CEC669E /* Project object */;
			proxyType = 1;
			remoteGlobalIDString = FE445AD60ABD18E1FF565DC5;
			remoteInfo = InboxCritters;
		};
/* End PBXContainerItemProxy section */

/* Begin PBXFileReference section */
		0D4937416A491DE34CAF239C /* InboxCrittersTests.xctest */ = {isa = PBXFileReference; includeInIndex = 0; lastKnownFileType = wrapper.cfbundle; path = InboxCrittersTests.xctest; sourceTree = BUILT_PRODUCTS_DIR; };
		0DDA1183D3D32B1007531479 /* ScreenshotTests.swift */ = {isa = PBXFileReference; lastKnownFileType = sourcecode.swift; path = ScreenshotTests.swift; sourceTree = "<group>"; };
		16B58E6E5FCEE877724D55A1 /* SpriteKit.framework */ = {isa = PBXFileReference; lastKnownFileType = wrapper.framework; name = SpriteKit.framework; path = System/Library/Frameworks/SpriteKit.framework; sourceTree = SDKROOT; };
		21265A3CF3213049EA8C53AA /* Info.plist */ = {isa = PBXFileReference; lastKnownFileType = text.plist; path = Info.plist; sourceTree = "<group>"; };
		2A18D7322498BC0536BB2D94 /* BrainDumpScene.swift */ = {isa = PBXFileReference; lastKnownFileType = sourcecode.swift; path = BrainDumpScene.swift; sourceTree = "<group>"; };
		34A3CBE11FA73C95D98B45C2 /* Info.plist */ = {isa = PBXFileReference; lastKnownFileType = text.plist; path = Info.plist; sourceTree = "<group>"; };
		38F07F70B27B9EC4E6EB2D9C /* Models.swift */ = {isa = PBXFileReference; lastKnownFileType = sourcecode.swift; path = Models.swift; sourceTree = "<group>"; };
		81B7AD268556C4B1191469A2 /* ContentView.swift */ = {isa = PBXFileReference; lastKnownFileType = sourcecode.swift; path = ContentView.swift; sourceTree = "<group>"; };
		8F24235EC532D8C0AE9DA1FA /* WatchScreenshotTests.swift */ = {isa = PBXFileReference; lastKnownFileType = sourcecode.swift; path = WatchScreenshotTests.swift; sourceTree = "<group>"; };
		9F73700630DFA04FD3059002 /* Assets.xcassets */ = {isa = PBXFileReference; lastKnownFileType = folder.assetcatalog; path = Assets.xcassets; sourceTree = "<group>"; };
		B6F3F53F68365A556916EB37 /* InboxCrittersApp.swift */ = {isa = PBXFileReference; lastKnownFileType = sourcecode.swift; path = InboxCrittersApp.swift; sourceTree = "<group>"; };
		BC30C766C71D60A0C79D3BA1 /* InboxCrittersTests.swift */ = {isa = PBXFileReference; lastKnownFileType = sourcecode.swift; path = InboxCrittersTests.swift; sourceTree = "<group>"; };
		CDD9A77CA46E85B266A676A3 /* InboxCrittersWatchApp.swift */ = {isa = PBXFileReference; lastKnownFileType = sourcecode.swift; path = InboxCrittersWatchApp.swift; sourceTree = "<group>"; };
		D30315565B546DBE553BC1B4 /* Assets.xcassets */ = {isa = PBXFileReference; lastKnownFileType = folder.assetcatalog; path = Assets.xcassets; sourceTree = "<group>"; };
		D4DA2045C33E308D315ACF68 /* GameNodes.swift */ = {isa = PBXFileReference; lastKnownFileType = sourcecode.swift; path = GameNodes.swift; sourceTree = "<group>"; };
		DFD5D669F24F31D59B0948C6 /* InboxView.swift */ = {isa = PBXFileReference; lastKnownFileType = sourcecode.swift; path = InboxView.swift; sourceTree = "<group>"; };
		E854A59D3480187EB65F5074 /* ContentView.swift */ = {isa = PBXFileReference; lastKnownFileType = sourcecode.swift; path = ContentView.swift; sourceTree = "<group>"; };
		F13AE99AF73835EFE06B77FE /* InboxCrittersWatch.app */ = {isa = PBXFileReference; explicitFileType = wrapper.application; includeInIndex = 0; path = InboxCrittersWatch.app; sourceTree = BUILT_PRODUCTS_DIR; };
		F6EA62C5D5D248CC2826B7D9 /* CritterStore.swift */ = {isa = PBXFileReference; lastKnownFileType = sourcecode.swift; path = CritterStore.swift; sourceTree = "<group>"; };
		FD8305B8F486F049B24437D1 /* InboxCritters.app */ = {isa = PBXFileReference; includeInIndex = 0; lastKnownFileType = wrapper.application; path = InboxCritters.app; sourceTree = BUILT_PRODUCTS_DIR; };
/* End PBXFileReference section */

/* Begin PBXFrameworksBuildPhase section */
		6932FF98F32A7AF041EBB603 /* Frameworks */ = {
			isa = PBXFrameworksBuildPhase;
			buildActionMask = 2147483647;
			files = (
				1CFD7C6D3F188B89A7B67056 /* SpriteKit.framework in Frameworks */,
			);
			runOnlyForDeploymentPostprocessing = 0;
		};
/* End PBXFrameworksBuildPhase section */

/* Begin PBXGroup section */
		03659669B2B478E1B2455FDB /* Frameworks */ = {
			isa = PBXGroup;
			children = (
				16B58E6E5FCEE877724D55A1 /* SpriteKit.framework */,
			);
			name = Frameworks;
			sourceTree = "<group>";
		};
		1F1D284BEBCBB81D31F83503 /* InboxCrittersTests */ = {
			isa = PBXGroup;
			children = (
				BC30C766C71D60A0C79D3BA1 /* InboxCrittersTests.swift */,
				0DDA1183D3D32B1007531479 /* ScreenshotTests.swift */,
				8F24235EC532D8C0AE9DA1FA /* WatchScreenshotTests.swift */,
			);
			path = InboxCrittersTests;
			sourceTree = "<group>";
		};
		4DD2D3C7EF15AB5B4F875343 /* Products */ = {
			isa = PBXGroup;
			children = (
				FD8305B8F486F049B24437D1 /* InboxCritters.app */,
				0D4937416A491DE34CAF239C /* InboxCrittersTests.xctest */,
				F13AE99AF73835EFE06B77FE /* InboxCrittersWatch.app */,
			);
			name = Products;
			sourceTree = "<group>";
		};
		64CC24C54F02A15747912D80 = {
			isa = PBXGroup;
			children = (
				E95BF6CAA295E10130BB77F6 /* Sources */,
				FFD8BB9F87D90BEF724DAFFB /* Tests */,
				03659669B2B478E1B2455FDB /* Frameworks */,
				4DD2D3C7EF15AB5B4F875343 /* Products */,
			);
			sourceTree = "<group>";
		};
		80EB0ED482FAA0BFC9507CA5 /* InboxCrittersWatch */ = {
			isa = PBXGroup;
			children = (
				9F73700630DFA04FD3059002 /* Assets.xcassets */,
				E854A59D3480187EB65F5074 /* ContentView.swift */,
				CDD9A77CA46E85B266A676A3 /* InboxCrittersWatchApp.swift */,
				34A3CBE11FA73C95D98B45C2 /* Info.plist */,
			);
			path = InboxCrittersWatch;
			sourceTree = "<group>";
		};
		BF3323DBE98B2323A7CD119C /* InboxCritters */ = {
			isa = PBXGroup;
			children = (
				D30315565B546DBE553BC1B4 /* Assets.xcassets */,
				81B7AD268556C4B1191469A2 /* ContentView.swift */,
				B6F3F53F68365A556916EB37 /* InboxCrittersApp.swift */,
				21265A3CF3213049EA8C53AA /* Info.plist */,
				D7822D4463AA49A9FE35F2F8 /* Game */,
				FC56D7AA69EC0C6A023540F4 /* Models */,
				DC5A12ED56F61CF58C820B27 /* Views */,
			);
			path = InboxCritters;
			sourceTree = "<group>";
		};
		D7822D4463AA49A9FE35F2F8 /* Game */ = {
			isa = PBXGroup;
			children = (
				2A18D7322498BC0536BB2D94 /* BrainDumpScene.swift */,
				D4DA2045C33E308D315ACF68 /* GameNodes.swift */,
			);
			path = Game;
			sourceTree = "<group>";
		};
		DC5A12ED56F61CF58C820B27 /* Views */ = {
			isa = PBXGroup;
			children = (
				DFD5D669F24F31D59B0948C6 /* InboxView.swift */,
			);
			path = Views;
			sourceTree = "<group>";
		};
		E95BF6CAA295E10130BB77F6 /* Sources */ = {
			isa = PBXGroup;
			children = (
				BF3323DBE98B2323A7CD119C /* InboxCritters */,
				80EB0ED482FAA0BFC9507CA5 /* InboxCrittersWatch */,
			);
			path = Sources;
			sourceTree = "<group>";
		};
		FC56D7AA69EC0C6A023540F4 /* Models */ = {
			isa = PBXGroup;
			children = (
				F6EA62C5D5D248CC2826B7D9 /* CritterStore.swift */,
				38F07F70B27B9EC4E6EB2D9C /* Models.swift */,
			);
			path = Models;
			sourceTree = "<group>";
		};
		FFD8BB9F87D90BEF724DAFFB /* Tests */ = {
			isa = PBXGroup;
			children = (
				1F1D284BEBCBB81D31F83503 /* InboxCrittersTests */,
			);
			path = Tests;
			sourceTree = "<group>";
		};
/* End PBXGroup section */

/* Begin PBXNativeTarget section */
		5117471DDE64716F748599CC /* InboxCrittersWatch */ = {
			isa = PBXNativeTarget;
			buildConfigurationList = DBC3B442E6BC9596C087327A /* Build configuration list for PBXNativeTarget "InboxCrittersWatch" */;
			buildPhases = (
				9CD991FDDD71DC0E6696BA83 /* Sources */,
				D512ACE95B83DC3315B0A2BA /* Resources */,
			);
			buildRules = (
			);
			dependencies = (
			);
			name = InboxCrittersWatch;
			packageProductDependencies = (
			);
			productName = InboxCrittersWatch;
			productReference = F13AE99AF73835EFE06B77FE /* InboxCrittersWatch.app */;
			productType = "com.apple.product-type.application";
		};
		5BF3C89B501F3BAEBC85F73F /* InboxCrittersTests */ = {
			isa = PBXNativeTarget;
			buildConfigurationList = A89D5B72FB46870679344978 /* Build configuration list for PBXNativeTarget "InboxCrittersTests" */;
			buildPhases = (
				465C2C9545C579EAA352D90F /* Sources */,
			);
			buildRules = (
			);
			dependencies = (
				46638FA3AACF19A6DC3882FB /* PBXTargetDependency */,
			);
			name = InboxCrittersTests;
			packageProductDependencies = (
			);
			productName = InboxCrittersTests;
			productReference = 0D4937416A491DE34CAF239C /* InboxCrittersTests.xctest */;
			productType = "com.apple.product-type.bundle.unit-test";
		};
		FE445AD60ABD18E1FF565DC5 /* InboxCritters */ = {
			isa = PBXNativeTarget;
			buildConfigurationList = DCB2F520ED69A20E0BA59F66 /* Build configuration list for PBXNativeTarget "InboxCritters" */;
			buildPhases = (
				B4C524A501684BEDD6100CAE /* Sources */,
				DCD88B7D72C3B14D1DEFE31E /* Resources */,
				6932FF98F32A7AF041EBB603 /* Frameworks */,
			);
			buildRules = (
			);
			dependencies = (
			);
			name = InboxCritters;
			packageProductDependencies = (
			);
			productName = InboxCritters;
			productReference = FD8305B8F486F049B24437D1 /* InboxCritters.app */;
			productType = "com.apple.product-type.application";
		};
/* End PBXNativeTarget section */

/* Begin PBXProject section */
		4532D1351CC01B2F2CEC669E /* Project object */ = {
			isa = PBXProject;
			attributes = {
				BuildIndependentTargetsInParallel = YES;
				LastUpgradeCheck = 1600;
				TargetAttributes = {
					5117471DDE64716F748599CC = {
						DevelopmentTeam = RZWT5WST77;
						ProvisioningStyle = Automatic;
					};
					5BF3C89B501F3BAEBC85F73F = {
						DevelopmentTeam = RZWT5WST77;
						ProvisioningStyle = Automatic;
					};
					FE445AD60ABD18E1FF565DC5 = {
						DevelopmentTeam = RZWT5WST77;
						ProvisioningStyle = Automatic;
					};
				};
			};
			buildConfigurationList = 84FBCB0A2FEC66DB9CB99DC3 /* Build configuration list for PBXProject "InboxCritters" */;
			compatibilityVersion = "Xcode 14.0";
			developmentRegion = en;
			hasScannedForEncodings = 0;
			knownRegions = (
				Base,
				en,
			);
			mainGroup = 64CC24C54F02A15747912D80;
			minimizedProjectReferenceProxies = 1;
			preferredProjectObjectVersion = 77;
			projectDirPath = "";
			projectRoot = "";
			targets = (
				FE445AD60ABD18E1FF565DC5 /* InboxCritters */,
				5BF3C89B501F3BAEBC85F73F /* InboxCrittersTests */,
				5117471DDE64716F748599CC /* InboxCrittersWatch */,
			);
		};
/* End PBXProject section */

/* Begin PBXResourcesBuildPhase section */
		D512ACE95B83DC3315B0A2BA /* Resources */ = {
			isa = PBXResourcesBuildPhase;
			buildActionMask = 2147483647;
			files = (
				7EF5A83CA1B1C8C7E22B61A8 /* Assets.xcassets in Resources */,
			);
			runOnlyForDeploymentPostprocessing = 0;
		};
		DCD88B7D72C3B14D1DEFE31E /* Resources */ = {
			isa = PBXResourcesBuildPhase;
			buildActionMask = 2147483647;
			files = (
				9B0B138554BC24026E3FD136 /* Assets.xcassets in Resources */,
			);
			runOnlyForDeploymentPostprocessing = 0;
		};
/* End PBXResourcesBuildPhase section */

/* Begin PBXSourcesBuildPhase section */
		465C2C9545C579EAA352D90F /* Sources */ = {
			isa = PBXSourcesBuildPhase;
			buildActionMask = 2147483647;
			files = (
				A4F9C61FB4160191D2F5086A /* InboxCrittersTests.swift in Sources */,
				8DD1FB99382C73E68B99E809 /* ScreenshotTests.swift in Sources */,
				378E39556032934CC168B4BC /* WatchScreenshotTests.swift in Sources */,
			);
			runOnlyForDeploymentPostprocessing = 0;
		};
		9CD991FDDD71DC0E6696BA83 /* Sources */ = {
			isa = PBXSourcesBuildPhase;
			buildActionMask = 2147483647;
			files = (
				892324BBC93267BB723BE6FB /* ContentView.swift in Sources */,
				7FC2825D8370C68F18BA9FA1 /* InboxCrittersWatchApp.swift in Sources */,
			);
			runOnlyForDeploymentPostprocessing = 0;
		};
		B4C524A501684BEDD6100CAE /* Sources */ = {
			isa = PBXSourcesBuildPhase;
			buildActionMask = 2147483647;
			files = (
				C432ACEBB5CC82C04485850B /* BrainDumpScene.swift in Sources */,
				AA5A42E1A6EE5494FD266605 /* ContentView.swift in Sources */,
				49467B4F385A2CF06C3BE27C /* CritterStore.swift in Sources */,
				C8580E5C39F9EE4D714506EC /* GameNodes.swift in Sources */,
				D5CF19BB70E03EC91CE2D9ED /* InboxCrittersApp.swift in Sources */,
				0874FF88A2327075FD12691C /* InboxView.swift in Sources */,
				C9E0EF7FAC755E68272C6255 /* Models.swift in Sources */,
			);
			runOnlyForDeploymentPostprocessing = 0;
		};
/* End PBXSourcesBuildPhase section */

/* Begin PBXTargetDependency section */
		46638FA3AACF19A6DC3882FB /* PBXTargetDependency */ = {
			isa = PBXTargetDependency;
			target = FE445AD60ABD18E1FF565DC5 /* InboxCritters */;
			targetProxy = 2DC9ED3C56EB274BE44FCE9C /* PBXContainerItemProxy */;
		};
/* End PBXTargetDependency section */

/* Begin XCBuildConfiguration section */
		0A92F7EE550323C519920577 /* Release */ = {
			isa = XCBuildConfiguration;
			buildSettings = {
				ALWAYS_SEARCH_USER_PATHS = NO;
				CLANG_ANALYZER_NONNULL = YES;
				CLANG_ANALYZER_NUMBER_OBJECT_CONVERSION = YES_AGGRESSIVE;
				CLANG_CXX_LANGUAGE_STANDARD = "gnu++14";
				CLANG_CXX_LIBRARY = "libc++";
				CLANG_ENABLE_MODULES = YES;
				CLANG_ENABLE_OBJC_ARC = YES;
				CLANG_ENABLE_OBJC_WEAK = YES;
				CLANG_WARN_BLOCK_CAPTURE_AUTORELEASING = YES;
				CLANG_WARN_BOOL_CONVERSION = YES;
				CLANG_WARN_COMMA = YES;
				CLANG_WARN_CONSTANT_CONVERSION = YES;
				CLANG_WARN_DEPRECATED_OBJC_IMPLEMENTATIONS = YES;
				CLANG_WARN_DIRECT_OBJC_ISA_USAGE = YES_ERROR;
				CLANG_WARN_DOCUMENTATION_COMMENTS = YES;
				CLANG_WARN_EMPTY_BODY = YES;
				CLANG_WARN_ENUM_CONVERSION = YES;
				CLANG_WARN_INFINITE_RECURSION = YES;
				CLANG_WARN_INT_CONVERSION = YES;
				CLANG_WARN_NON_LITERAL_NULL_CONVERSION = YES;
				CLANG_WARN_OBJC_IMPLICIT_RETAIN_SELF = YES;
				CLANG_WARN_OBJC_LITERAL_CONVERSION = YES;
				CLANG_WARN_OBJC_ROOT_CLASS = YES_ERROR;
				CLANG_WARN_QUOTED_INCLUDE_IN_FRAMEWORK_HEADER = YES;
				CLANG_WARN_RANGE_LOOP_ANALYSIS = YES;
				CLANG_WARN_STRICT_PROTOTYPES = YES;
				CLANG_WARN_SUSPICIOUS_MOVE = YES;
				CLANG_WARN_UNGUARDED_AVAILABILITY = YES_AGGRESSIVE;
				CLANG_WARN_UNREACHABLE_CODE = YES;
				CLANG_WARN__DUPLICATE_METHOD_MATCH = YES;
				COPY_PHASE_STRIP = NO;
				CURRENT_PROJECT_VERSION = 20260225.1;
				DEBUG_INFORMATION_FORMAT = "dwarf-with-dsym";
				ENABLE_NS_ASSERTIONS = NO;
				ENABLE_STRICT_OBJC_MSGSEND = YES;
				GCC_C_LANGUAGE_STANDARD = gnu11;
				GCC_NO_COMMON_BLOCKS = YES;
				GCC_WARN_64_TO_32_BIT_CONVERSION = YES;
				GCC_WARN_ABOUT_RETURN_TYPE = YES_ERROR;
				GCC_WARN_UNDECLARED_SELECTOR = YES;
				GCC_WARN_UNINITIALIZED_AUTOS = YES_AGGRESSIVE;
				GCC_WARN_UNUSED_FUNCTION = YES;
				GCC_WARN_UNUSED_VARIABLE = YES;
				IPHONEOS_DEPLOYMENT_TARGET = 17.0;
				MARKETING_VERSION = 1.0.0;
				MTL_ENABLE_DEBUG_INFO = NO;
				MTL_FAST_MATH = YES;
				PRODUCT_NAME = "$(TARGET_NAME)";
				SWIFT_COMPILATION_MODE = wholemodule;
				SWIFT_OPTIMIZATION_LEVEL = "-O";
				SWIFT_VERSION = 6.0;
				TARGETED_DEVICE_FAMILY = "1,2";
			};
			name = Release;
		};
		402AD67C4CCE9F66DD7A04EC /* Release */ = {
			isa = XCBuildConfiguration;
			buildSettings = {
				ASSETCATALOG_COMPILER_APPICON_NAME = AppIcon;
				ASSETCATALOG_COMPILER_GLOBAL_ACCENT_COLOR_NAME = AccentColor;
				CODE_SIGN_IDENTITY = "iPhone Developer";
				CODE_SIGN_STYLE = Automatic;
				DEVELOPMENT_TEAM = RZWT5WST77;
				INFOPLIST_FILE = Sources/InboxCritters/Info.plist;
				IPHONEOS_DEPLOYMENT_TARGET = 17.0;
				LD_RUNPATH_SEARCH_PATHS = (
					"$(inherited)",
					"@executable_path/Frameworks",
				);
				PRODUCT_BUNDLE_IDENTIFIER = com.foculoom.inboxcritters;
				PRODUCT_MODULE_NAME = InboxCritters;
				PRODUCT_NAME = "Inbox Critters";
				SDKROOT = iphoneos;
				TARGETED_DEVICE_FAMILY = "1,2";
			};
			name = Release;
		};
		494B3E125E492D009D3EDFAD /* Debug */ = {
			isa = XCBuildConfiguration;
			buildSettings = {
				ALWAYS_SEARCH_USER_PATHS = NO;
				CLANG_ANALYZER_NONNULL = YES;
				CLANG_ANALYZER_NUMBER_OBJECT_CONVERSION = YES_AGGRESSIVE;
				CLANG_CXX_LANGUAGE_STANDARD = "gnu++14";
				CLANG_CXX_LIBRARY = "libc++";
				CLANG_ENABLE_MODULES = YES;
				CLANG_ENABLE_OBJC_ARC = YES;
				CLANG_ENABLE_OBJC_WEAK = YES;
				CLANG_WARN_BLOCK_CAPTURE_AUTORELEASING = YES;
				CLANG_WARN_BOOL_CONVERSION = YES;
				CLANG_WARN_COMMA = YES;
				CLANG_WARN_CONSTANT_CONVERSION = YES;
				CLANG_WARN_DEPRECATED_OBJC_IMPLEMENTATIONS = YES;
				CLANG_WARN_DIRECT_OBJC_ISA_USAGE = YES_ERROR;
				CLANG_WARN_DOCUMENTATION_COMMENTS = YES;
				CLANG_WARN_EMPTY_BODY = YES;
				CLANG_WARN_ENUM_CONVERSION = YES;
				CLANG_WARN_INFINITE_RECURSION = YES;
				CLANG_WARN_INT_CONVERSION = YES;
				CLANG_WARN_NON_LITERAL_NULL_CONVERSION = YES;
				CLANG_WARN_OBJC_IMPLICIT_RETAIN_SELF = YES;
				CLANG_WARN_OBJC_LITERAL_CONVERSION = YES;
				CLANG_WARN_OBJC_ROOT_CLASS = YES_ERROR;
				CLANG_WARN_QUOTED_INCLUDE_IN_FRAMEWORK_HEADER = YES;
				CLANG_WARN_RANGE_LOOP_ANALYSIS = YES;
				CLANG_WARN_STRICT_PROTOTYPES = YES;
				CLANG_WARN_SUSPICIOUS_MOVE = YES;
				CLANG_WARN_UNGUARDED_AVAILABILITY = YES_AGGRESSIVE;
				CLANG_WARN_UNREACHABLE_CODE = YES;
				CLANG_WARN__DUPLICATE_METHOD_MATCH = YES;
				COPY_PHASE_STRIP = NO;
				CURRENT_PROJECT_VERSION = 20260225.1;
				DEBUG_INFORMATION_FORMAT = dwarf;
				ENABLE_STRICT_OBJC_MSGSEND = YES;
				ENABLE_TESTABILITY = YES;
				GCC_C_LANGUAGE_STANDARD = gnu11;
				GCC_DYNAMIC_NO_PIC = NO;
				GCC_NO_COMMON_BLOCKS = YES;
				GCC_OPTIMIZATION_LEVEL = 0;
				GCC_PREPROCESSOR_DEFINITIONS = (
					"$(inherited)",
					"DEBUG=1",
				);
				GCC_WARN_64_TO_32_BIT_CONVERSION = YES;
				GCC_WARN_ABOUT_RETURN_TYPE = YES_ERROR;
				GCC_WARN_UNDECLARED_SELECTOR = YES;
				GCC_WARN_UNINITIALIZED_AUTOS = YES_AGGRESSIVE;
				GCC_WARN_UNUSED_FUNCTION = YES;
				GCC_WARN_UNUSED_VARIABLE = YES;
				IPHONEOS_DEPLOYMENT_TARGET = 17.0;
				MARKETING_VERSION = 1.0.0;
				MTL_ENABLE_DEBUG_INFO = INCLUDE_SOURCE;
				MTL_FAST_MATH = YES;
				ONLY_ACTIVE_ARCH = YES;
				PRODUCT_NAME = "$(TARGET_NAME)";
				SWIFT_ACTIVE_COMPILATION_CONDITIONS = DEBUG;
				SWIFT_OPTIMIZATION_LEVEL = "-Onone";
				SWIFT_VERSION = 6.0;
				TARGETED_DEVICE_FAMILY = "1,2";
			};
			name = Debug;
		};
		566C2210E701F6FC56DC57F3 /* Release */ = {
			isa = XCBuildConfiguration;
			buildSettings = {
				BUNDLE_LOADER = "$(TEST_HOST)";
				CODE_SIGN_STYLE = Automatic;
				DEVELOPMENT_TEAM = RZWT5WST77;
				IPHONEOS_DEPLOYMENT_TARGET = 17.0;
				LD_RUNPATH_SEARCH_PATHS = (
					"$(inherited)",
					"@executable_path/Frameworks",
					"@loader_path/Frameworks",
				);
				PRODUCT_BUNDLE_IDENTIFIER = com.foculoom.inboxcritters.tests;
				SDKROOT = iphoneos;
				TARGETED_DEVICE_FAMILY = "1,2";
				TEST_HOST = "$(BUILT_PRODUCTS_DIR)/Inbox Critters.app/Inbox Critters";
			};
			name = Release;
		};
		75A6AF109DE7C9D6F4B6098F /* Debug */ = {
			isa = XCBuildConfiguration;
			buildSettings = {
				ARCHS = arm64_32;
				ASSETCATALOG_COMPILER_APPICON_NAME = AppIcon;
				CODE_SIGN_STYLE = Automatic;
				CURRENT_PROJECT_VERSION = 20260225.1;
				DEVELOPMENT_TEAM = RZWT5WST77;
				INFOPLIST_FILE = Sources/InboxCrittersWatch/Info.plist;
				MARKETING_VERSION = 1.0.0;
				PRODUCT_BUNDLE_IDENTIFIER = com.foculoom.inboxcritters.watchkitapp;
				PRODUCT_NAME = Critters;
				SDKROOT = watchos;
				SKIP_INSTALL = YES;
				SWIFT_VERSION = 6.0;
				TARGETED_DEVICE_FAMILY = 4;
				WATCHOS_DEPLOYMENT_TARGET = 10.0;
			};
			name = Debug;
		};
		B2997B152EA733B58A7FFB9B /* Release */ = {
			isa = XCBuildConfiguration;
			buildSettings = {
				ARCHS = arm64_32;
				ASSETCATALOG_COMPILER_APPICON_NAME = AppIcon;
				CODE_SIGN_STYLE = Automatic;
				CURRENT_PROJECT_VERSION = 20260225.1;
				DEVELOPMENT_TEAM = RZWT5WST77;
				INFOPLIST_FILE = Sources/InboxCrittersWatch/Info.plist;
				MARKETING_VERSION = 1.0.0;
				PRODUCT_BUNDLE_IDENTIFIER = com.foculoom.inboxcritters.watchkitapp;
				PRODUCT_NAME = Critters;
				SDKROOT = watchos;
				SKIP_INSTALL = YES;
				SWIFT_VERSION = 6.0;
				TARGETED_DEVICE_FAMILY = 4;
				WATCHOS_DEPLOYMENT_TARGET = 10.0;
			};
			name = Release;
		};
		C0B3B7BB6315FEB2D84CBF96 /* Debug */ = {
			isa = XCBuildConfiguration;
			buildSettings = {
				BUNDLE_LOADER = "$(TEST_HOST)";
				CODE_SIGN_STYLE = Automatic;
				DEVELOPMENT_TEAM = RZWT5WST77;
				IPHONEOS_DEPLOYMENT_TARGET = 17.0;
				LD_RUNPATH_SEARCH_PATHS = (
					"$(inherited)",
					"@executable_path/Frameworks",
					"@loader_path/Frameworks",
				);
				PRODUCT_BUNDLE_IDENTIFIER = com.foculoom.inboxcritters.tests;
				SDKROOT = iphoneos;
				TARGETED_DEVICE_FAMILY = "1,2";
				TEST_HOST = "$(BUILT_PRODUCTS_DIR)/Inbox Critters.app/Inbox Critters";
			};
			name = Debug;
		};
		FF34267AB911049D43908DCC /* Debug */ = {
			isa = XCBuildConfiguration;
			buildSettings = {
				ASSETCATALOG_COMPILER_APPICON_NAME = AppIcon;
				ASSETCATALOG_COMPILER_GLOBAL_ACCENT_COLOR_NAME = AccentColor;
				CODE_SIGN_IDENTITY = "iPhone Developer";
				CODE_SIGN_STYLE = Automatic;
				DEVELOPMENT_TEAM = RZWT5WST77;
				INFOPLIST_FILE = Sources/InboxCritters/Info.plist;
				IPHONEOS_DEPLOYMENT_TARGET = 17.0;
				LD_RUNPATH_SEARCH_PATHS = (
					"$(inherited)",
					"@executable_path/Frameworks",
				);
				PRODUCT_BUNDLE_IDENTIFIER = com.foculoom.inboxcritters;
				PRODUCT_MODULE_NAME = InboxCritters;
				PRODUCT_NAME = "Inbox Critters";
				SDKROOT = iphoneos;
				TARGETED_DEVICE_FAMILY = "1,2";
			};
			name = Debug;
		};
/* End XCBuildConfiguration section */

/* Begin XCConfigurationList section */
		84FBCB0A2FEC66DB9CB99DC3 /* Build configuration list for PBXProject "InboxCritters" */ = {
			isa = XCConfigurationList;
			buildConfigurations = (
				494B3E125E492D009D3EDFAD /* Debug */,
				0A92F7EE550323C519920577 /* Release */,
			);
			defaultConfigurationIsVisible = 0;
			defaultConfigurationName = Debug;
		};
		A89D5B72FB46870679344978 /* Build configuration list for PBXNativeTarget "InboxCrittersTests" */ = {
			isa = XCConfigurationList;
			buildConfigurations = (
				C0B3B7BB6315FEB2D84CBF96 /* Debug */,
				566C2210E701F6FC56DC57F3 /* Release */,
			);
			defaultConfigurationIsVisible = 0;
			defaultConfigurationName = Debug;
		};
		DBC3B442E6BC9596C087327A /* Build configuration list for PBXNativeTarget "InboxCrittersWatch" */ = {
			isa = XCConfigurationList;
			buildConfigurations = (
				75A6AF109DE7C9D6F4B6098F /* Debug */,
				B2997B152EA733B58A7FFB9B /* Release */,
			);
			defaultConfigurationIsVisible = 0;
			defaultConfigurationName = Debug;
		};
		DCB2F520ED69A20E0BA59F66 /* Build configuration list for PBXNativeTarget "InboxCritters" */ = {
			isa = XCConfigurationList;
			buildConfigurations = (
				FF34267AB911049D43908DCC /* Debug */,
				402AD67C4CCE9F66DD7A04EC /* Release */,
			);
			defaultConfigurationIsVisible = 0;
			defaultConfigurationName = Debug;
		};
/* End XCConfigurationList section */
	};
	rootObject = 4532D1351CC01B2F2CEC669E /* Project object */;
}
